
Microsoft Visual Studio Solution File, Format Version 12.00
# Visual Studio 15
VisualStudioVersion = 15.0.28010.2019
MinimumVisualStudioVersion = 10.0.40219.1
Project("{FAE04EC0-301F-11D3-BF4B-00C04F79EFBC}") = "InterfaceAsCommonClassSignature", "InterfaceAsCommonClassSignature\InterfaceAsCommonClassSignature.csproj", "{F43677B0-4819-433F-A6E0-5EFD0EE76AFC}"
EndProject
Project("{FAE04EC0-301F-11D3-BF4B-00C04F79EFBC}") = "InterfaceAsExtensibilityAndDependencyInjection", "InterfaceAsExtensibilityAndDependencyInjection\InterfaceAsExtensibilityAndDependencyInjection.csproj", "{A5F31E65-473D-423B-A6C7-B4A1E5975827}"
EndProject
Global
	GlobalSection(SolutionConfigurationPlatforms) = preSolution
		Debug|Any CPU = Debug|Any CPU
		Release|Any CPU = Release|Any CPU
	EndGlobalSection
	GlobalSection(ProjectConfigurationPlatforms) = postSolution
		{F43677B0-4819-433F-A6E0-5EFD0EE76AFC}.Debug|Any CPU.ActiveCfg = Debug|Any CPU
		{F43677B0-4819-433F-A6E0-5EFD0EE76AFC}.Debug|Any CPU.Build.0 = Debug|Any CPU
		{F43677B0-4819-433F-A6E0-5EFD0EE76AFC}.Release|Any CPU.ActiveCfg = Release|Any CPU
		{F43677B0-4819-433F-A6E0-5EFD0EE76AFC}.Release|Any CPU.Build.0 = Release|Any CPU
		{A5F31E65-473D-423B-A6C7-B4A1E5975827}.Debug|Any CPU.ActiveCfg = Debug|Any CPU
		{A5F31E65-473D-423B-A6C7-B4A1E5975827}.Debug|Any CPU.Build.0 = Debug|Any CPU
		{A5F31E65-473D-423B-A6C7-B4A1E5975827}.Release|Any CPU.ActiveCfg = Release|Any CPU
		{A5F31E65-473D-423B-A6C7-B4A1E5975827}.Release|Any CPU.Build.0 = Release|Any CPU
	EndGlobalSection
	GlobalSection(SolutionProperties) = preSolution
		HideSolutionNode = FALSE
	EndGlobalSection
	GlobalSection(ExtensibilityGlobals) = postSolution
		SolutionGuid = {2779E03C-D426-4C0F-8BC2-657FB3E88E52}
	EndGlobalSection
EndGlobal
